<?xml version="1.0" encoding="utf-8"?>
<Project ToolsVersion="4.0" xmlns="http://schemas.microsoft.com/developer/msbuild/2003">
  <ItemGroup>
    <Filter Include="Quelldateien">
      <UniqueIdentifier>{4FC737F1-C7A5-4376-A066-2A32D752A2FF}</UniqueIdentifier>
      <Extensions>cpp;c;cc;cxx;c++;cppm;ixx;def;odl;idl;hpj;bat;asm;asmx</Extensions>
    </Filter>
    <Filter Include="Headerdateien">
      <UniqueIdentifier>{93995380-89BD-4b04-88EB-625FBE52EBFB}</UniqueIdentifier>
      <Extensions>h;hh;hpp;hxx;h++;hm;inl;inc;ipp;xsd</Extensions>
    </Filter>
    <Filter Include="Ressourcendateien">
      <UniqueIdentifier>{67DA6AB6-F800-4c08-8B7A-83BB121AAD01}</UniqueIdentifier>
      <Extensions>rc;ico;cur;bmp;dlg;rc2;rct;bin;rgs;gif;jpg;jpeg;jpe;resx;tiff;tif;png;wav;mfcribbon-ms</Extensions>
    </Filter>
  </ItemGroup>
  <ItemGroup>
    <ClCompile Include="HoughSignDetector.cpp">
      <Filter>Quelldateien</Filter>
    </ClCompile>
    <ClCompile Include="hgd.CannyEdgeDetector.ixx">
      <Filter>Quelldateien</Filter>
    </ClCompile>
    <ClCompile Include="CannyEdgeDetector.cpp">
      <Filter>Quelldateien</Filter>
    </ClCompile>
    <ClCompile Include="hgd.HoughSpaceDetector.ixx">
      <Filter>Quelldateien</Filter>
    </ClCompile>
    <ClCompile Include="HoughSpaceDetector.cpp">
      <Filter>Quelldateien</Filter>
    </ClCompile>
    <ClCompile Include="hgd.FormulaGenerator.ixx">
      <Filter>Quelldateien</Filter>
    </ClCompile>
    <ClCompile Include="FormulaGenerator.cpp">
      <Filter>Quelldateien</Filter>
    </ClCompile>
    <ClCompile Include="hgd.LineDetector.ixx">
      <Filter>Quelldateien</Filter>
    </ClCompile>
    <ClCompile Include="LineDetector.cpp">
      <Filter>Quelldateien</Filter>
    </ClCompile>
    <ClCompile Include="hgd.GraphSolver.ixx">
      <Filter>Quelldateien</Filter>
    </ClCompile>
    <ClCompile Include="GraphSolver.cpp">
      <Filter>Quelldateien</Filter>
    </ClCompile>
  </ItemGroup>
  <ItemGroup>
    <ClInclude Include="opencv2\calib3d\calib3d.hpp">
      <Filter>Headerdateien</Filter>
    </ClInclude>
    <ClInclude Include="opencv2\calib3d\calib3d_c.h">
      <Filter>Headerdateien</Filter>
    </ClInclude>
    <ClInclude Include="opencv2\calib3d.hpp">
      <Filter>Headerdateien</Filter>
    </ClInclude>
    <ClInclude Include="opencv2\core\affine.hpp">
      <Filter>Headerdateien</Filter>
    </ClInclude>
    <ClInclude Include="opencv2\core\async.hpp">
      <Filter>Headerdateien</Filter>
    </ClInclude>
    <ClInclude Include="opencv2\core\base.hpp">
      <Filter>Headerdateien</Filter>
    </ClInclude>
    <ClInclude Include="opencv2\core\bindings_utils.hpp">
      <Filter>Headerdateien</Filter>
    </ClInclude>
    <ClInclude Include="opencv2\core\bufferpool.hpp">
      <Filter>Headerdateien</Filter>
    </ClInclude>
    <ClInclude Include="opencv2\core\check.hpp">
      <Filter>Headerdateien</Filter>
    </ClInclude>
    <ClInclude Include="opencv2\core\core.hpp">
      <Filter>Headerdateien</Filter>
    </ClInclude>
    <ClInclude Include="opencv2\core\core_c.h">
      <Filter>Headerdateien</Filter>
    </ClInclude>
    <ClInclude Include="opencv2\core\cuda\block.hpp">
      <Filter>Headerdateien</Filter>
    </ClInclude>
    <ClInclude Include="opencv2\core\cuda\border_interpolate.hpp">
      <Filter>Headerdateien</Filter>
    </ClInclude>
    <ClInclude Include="opencv2\core\cuda\color.hpp">
      <Filter>Headerdateien</Filter>
    </ClInclude>
    <ClInclude Include="opencv2\core\cuda\common.hpp">
      <Filter>Headerdateien</Filter>
    </ClInclude>
    <ClInclude Include="opencv2\core\cuda\datamov_utils.hpp">
      <Filter>Headerdateien</Filter>
    </ClInclude>
    <ClInclude Include="opencv2\core\cuda\detail\color_detail.hpp">
      <Filter>Headerdateien</Filter>
    </ClInclude>
    <ClInclude Include="opencv2\core\cuda\detail\reduce.hpp">
      <Filter>Headerdateien</Filter>
    </ClInclude>
    <ClInclude Include="opencv2\core\cuda\detail\reduce_key_val.hpp">
      <Filter>Headerdateien</Filter>
    </ClInclude>
    <ClInclude Include="opencv2\core\cuda\detail\transform_detail.hpp">
      <Filter>Headerdateien</Filter>
    </ClInclude>
    <ClInclude Include="opencv2\core\cuda\detail\type_traits_detail.hpp">
      <Filter>Headerdateien</Filter>
    </ClInclude>
    <ClInclude Include="opencv2\core\cuda\detail\vec_distance_detail.hpp">
      <Filter>Headerdateien</Filter>
    </ClInclude>
    <ClInclude Include="opencv2\core\cuda\dynamic_smem.hpp">
      <Filter>Headerdateien</Filter>
    </ClInclude>
    <ClInclude Include="opencv2\core\cuda\emulation.hpp">
      <Filter>Headerdateien</Filter>
    </ClInclude>
    <ClInclude Include="opencv2\core\cuda\filters.hpp">
      <Filter>Headerdateien</Filter>
    </ClInclude>
    <ClInclude Include="opencv2\core\cuda\funcattrib.hpp">
      <Filter>Headerdateien</Filter>
    </ClInclude>
    <ClInclude Include="opencv2\core\cuda\functional.hpp">
      <Filter>Headerdateien</Filter>
    </ClInclude>
    <ClInclude Include="opencv2\core\cuda\limits.hpp">
      <Filter>Headerdateien</Filter>
    </ClInclude>
    <ClInclude Include="opencv2\core\cuda\reduce.hpp">
      <Filter>Headerdateien</Filter>
    </ClInclude>
    <ClInclude Include="opencv2\core\cuda\saturate_cast.hpp">
      <Filter>Headerdateien</Filter>
    </ClInclude>
    <ClInclude Include="opencv2\core\cuda\scan.hpp">
      <Filter>Headerdateien</Filter>
    </ClInclude>
    <ClInclude Include="opencv2\core\cuda\simd_functions.hpp">
      <Filter>Headerdateien</Filter>
    </ClInclude>
    <ClInclude Include="opencv2\core\cuda\transform.hpp">
      <Filter>Headerdateien</Filter>
    </ClInclude>
    <ClInclude Include="opencv2\core\cuda\type_traits.hpp">
      <Filter>Headerdateien</Filter>
    </ClInclude>
    <ClInclude Include="opencv2\core\cuda\utility.hpp">
      <Filter>Headerdateien</Filter>
    </ClInclude>
    <ClInclude Include="opencv2\core\cuda\vec_distance.hpp">
      <Filter>Headerdateien</Filter>
    </ClInclude>
    <ClInclude Include="opencv2\core\cuda\vec_math.hpp">
      <Filter>Headerdateien</Filter>
    </ClInclude>
    <ClInclude Include="opencv2\core\cuda\vec_traits.hpp">
      <Filter>Headerdateien</Filter>
    </ClInclude>
    <ClInclude Include="opencv2\core\cuda\warp.hpp">
      <Filter>Headerdateien</Filter>
    </ClInclude>
    <ClInclude Include="opencv2\core\cuda\warp_reduce.hpp">
      <Filter>Headerdateien</Filter>
    </ClInclude>
    <ClInclude Include="opencv2\core\cuda\warp_shuffle.hpp">
      <Filter>Headerdateien</Filter>
    </ClInclude>
    <ClInclude Include="opencv2\core\cuda.hpp">
      <Filter>Headerdateien</Filter>
    </ClInclude>
    <ClInclude Include="opencv2\core\cuda.inl.hpp">
      <Filter>Headerdateien</Filter>
    </ClInclude>
    <ClInclude Include="opencv2\core\cuda_stream_accessor.hpp">
      <Filter>Headerdateien</Filter>
    </ClInclude>
    <ClInclude Include="opencv2\core\cuda_types.hpp">
      <Filter>Headerdateien</Filter>
    </ClInclude>
    <ClInclude Include="opencv2\core\cvdef.h">
      <Filter>Headerdateien</Filter>
    </ClInclude>
    <ClInclude Include="opencv2\core\cvstd.hpp">
      <Filter>Headerdateien</Filter>
    </ClInclude>
    <ClInclude Include="opencv2\core\cvstd.inl.hpp">
      <Filter>Headerdateien</Filter>
    </ClInclude>
    <ClInclude Include="opencv2\core\cvstd_wrapper.hpp">
      <Filter>Headerdateien</Filter>
    </ClInclude>
    <ClInclude Include="opencv2\core\cv_cpu_dispatch.h">
      <Filter>Headerdateien</Filter>
    </ClInclude>
    <ClInclude Include="opencv2\core\cv_cpu_helper.h">
      <Filter>Headerdateien</Filter>
    </ClInclude>
    <ClInclude Include="opencv2\core\detail\async_promise.hpp">
      <Filter>Headerdateien</Filter>
    </ClInclude>
    <ClInclude Include="opencv2\core\detail\dispatch_helper.impl.hpp">
      <Filter>Headerdateien</Filter>
    </ClInclude>
    <ClInclude Include="opencv2\core\detail\exception_ptr.hpp">
      <Filter>Headerdateien</Filter>
    </ClInclude>
    <ClInclude Include="opencv2\core\directx.hpp">
      <Filter>Headerdateien</Filter>
    </ClInclude>
    <ClInclude Include="opencv2\core\dualquaternion.hpp">
      <Filter>Headerdateien</Filter>
    </ClInclude>
    <ClInclude Include="opencv2\core\dualquaternion.inl.hpp">
      <Filter>Headerdateien</Filter>
    </ClInclude>
    <ClInclude Include="opencv2\core\eigen.hpp">
      <Filter>Headerdateien</Filter>
    </ClInclude>
    <ClInclude Include="opencv2\core\fast_math.hpp">
      <Filter>Headerdateien</Filter>
    </ClInclude>
    <ClInclude Include="opencv2\core\hal\hal.hpp">
      <Filter>Headerdateien</Filter>
    </ClInclude>
    <ClInclude Include="opencv2\core\hal\interface.h">
      <Filter>Headerdateien</Filter>
    </ClInclude>
    <ClInclude Include="opencv2\core\hal\intrin.hpp">
      <Filter>Headerdateien</Filter>
    </ClInclude>
    <ClInclude Include="opencv2\core\hal\intrin_avx.hpp">
      <Filter>Headerdateien</Filter>
    </ClInclude>
    <ClInclude Include="opencv2\core\hal\intrin_avx512.hpp">
      <Filter>Headerdateien</Filter>
    </ClInclude>
    <ClInclude Include="opencv2\core\hal\intrin_cpp.hpp">
      <Filter>Headerdateien</Filter>
    </ClInclude>
    <ClInclude Include="opencv2\core\hal\intrin_forward.hpp">
      <Filter>Headerdateien</Filter>
    </ClInclude>
    <ClInclude Include="opencv2\core\hal\intrin_lasx.hpp">
      <Filter>Headerdateien</Filter>
    </ClInclude>
    <ClInclude Include="opencv2\core\hal\intrin_lsx.hpp">
      <Filter>Headerdateien</Filter>
    </ClInclude>
    <ClInclude Include="opencv2\core\hal\intrin_msa.hpp">
      <Filter>Headerdateien</Filter>
    </ClInclude>
    <ClInclude Include="opencv2\core\hal\intrin_neon.hpp">
      <Filter>Headerdateien</Filter>
    </ClInclude>
    <ClInclude Include="opencv2\core\hal\intrin_rvv.hpp">
      <Filter>Headerdateien</Filter>
    </ClInclude>
    <ClInclude Include="opencv2\core\hal\intrin_rvv071.hpp">
      <Filter>Headerdateien</Filter>
    </ClInclude>
    <ClInclude Include="opencv2\core\hal\intrin_rvv_010_compat_non-policy.hpp">
      <Filter>Headerdateien</Filter>
    </ClInclude>
    <ClInclude Include="opencv2\core\hal\intrin_rvv_010_compat_overloaded-non-policy.hpp">
      <Filter>Headerdateien</Filter>
    </ClInclude>
    <ClInclude Include="opencv2\core\hal\intrin_rvv_011_compat.hpp">
      <Filter>Headerdateien</Filter>
    </ClInclude>
    <ClInclude Include="opencv2\core\hal\intrin_rvv_compat_overloaded.hpp">
      <Filter>Headerdateien</Filter>
    </ClInclude>
    <ClInclude Include="opencv2\core\hal\intrin_rvv_scalable.hpp">
      <Filter>Headerdateien</Filter>
    </ClInclude>
    <ClInclude Include="opencv2\core\hal\intrin_sse.hpp">
      <Filter>Headerdateien</Filter>
    </ClInclude>
    <ClInclude Include="opencv2\core\hal\intrin_sse_em.hpp">
      <Filter>Headerdateien</Filter>
    </ClInclude>
    <ClInclude Include="opencv2\core\hal\intrin_vsx.hpp">
      <Filter>Headerdateien</Filter>
    </ClInclude>
    <ClInclude Include="opencv2\core\hal\intrin_wasm.hpp">
      <Filter>Headerdateien</Filter>
    </ClInclude>
    <ClInclude Include="opencv2\core\hal\msa_macros.h">
      <Filter>Headerdateien</Filter>
    </ClInclude>
    <ClInclude Include="opencv2\core\hal\simd_utils.impl.hpp">
      <Filter>Headerdateien</Filter>
    </ClInclude>
    <ClInclude Include="opencv2\core\mat.hpp">
      <Filter>Headerdateien</Filter>
    </ClInclude>
    <ClInclude Include="opencv2\core\mat.inl.hpp">
      <Filter>Headerdateien</Filter>
    </ClInclude>
    <ClInclude Include="opencv2\core\matx.hpp">
      <Filter>Headerdateien</Filter>
    </ClInclude>
    <ClInclude Include="opencv2\core\matx.inl.hpp">
      <Filter>Headerdateien</Filter>
    </ClInclude>
    <ClInclude Include="opencv2\core\neon_utils.hpp">
      <Filter>Headerdateien</Filter>
    </ClInclude>
    <ClInclude Include="opencv2\core\ocl.hpp">
      <Filter>Headerdateien</Filter>
    </ClInclude>
    <ClInclude Include="opencv2\core\ocl_genbase.hpp">
      <Filter>Headerdateien</Filter>
    </ClInclude>
    <ClInclude Include="opencv2\core\opencl\ocl_defs.hpp">
      <Filter>Headerdateien</Filter>
    </ClInclude>
    <ClInclude Include="opencv2\core\opencl\opencl_info.hpp">
      <Filter>Headerdateien</Filter>
    </ClInclude>
    <ClInclude Include="opencv2\core\opencl\opencl_svm.hpp">
      <Filter>Headerdateien</Filter>
    </ClInclude>
    <ClInclude Include="opencv2\core\opencl\runtime\autogenerated\opencl_clblas.hpp">
      <Filter>Headerdateien</Filter>
    </ClInclude>
    <ClInclude Include="opencv2\core\opencl\runtime\autogenerated\opencl_clfft.hpp">
      <Filter>Headerdateien</Filter>
    </ClInclude>
    <ClInclude Include="opencv2\core\opencl\runtime\autogenerated\opencl_core.hpp">
      <Filter>Headerdateien</Filter>
    </ClInclude>
    <ClInclude Include="opencv2\core\opencl\runtime\autogenerated\opencl_core_wrappers.hpp">
      <Filter>Headerdateien</Filter>
    </ClInclude>
    <ClInclude Include="opencv2\core\opencl\runtime\autogenerated\opencl_gl.hpp">
      <Filter>Headerdateien</Filter>
    </ClInclude>
    <ClInclude Include="opencv2\core\opencl\runtime\autogenerated\opencl_gl_wrappers.hpp">
      <Filter>Headerdateien</Filter>
    </ClInclude>
    <ClInclude Include="opencv2\core\opencl\runtime\opencl_clblas.hpp">
      <Filter>Headerdateien</Filter>
    </ClInclude>
    <ClInclude Include="opencv2\core\opencl\runtime\opencl_clfft.hpp">
      <Filter>Headerdateien</Filter>
    </ClInclude>
    <ClInclude Include="opencv2\core\opencl\runtime\opencl_core.hpp">
      <Filter>Headerdateien</Filter>
    </ClInclude>
    <ClInclude Include="opencv2\core\opencl\runtime\opencl_core_wrappers.hpp">
      <Filter>Headerdateien</Filter>
    </ClInclude>
    <ClInclude Include="opencv2\core\opencl\runtime\opencl_gl.hpp">
      <Filter>Headerdateien</Filter>
    </ClInclude>
    <ClInclude Include="opencv2\core\opencl\runtime\opencl_gl_wrappers.hpp">
      <Filter>Headerdateien</Filter>
    </ClInclude>
    <ClInclude Include="opencv2\core\opencl\runtime\opencl_svm_20.hpp">
      <Filter>Headerdateien</Filter>
    </ClInclude>
    <ClInclude Include="opencv2\core\opencl\runtime\opencl_svm_definitions.hpp">
      <Filter>Headerdateien</Filter>
    </ClInclude>
    <ClInclude Include="opencv2\core\opencl\runtime\opencl_svm_hsa_extension.hpp">
      <Filter>Headerdateien</Filter>
    </ClInclude>
    <ClInclude Include="opencv2\core\opengl.hpp">
      <Filter>Headerdateien</Filter>
    </ClInclude>
    <ClInclude Include="opencv2\core\operations.hpp">
      <Filter>Headerdateien</Filter>
    </ClInclude>
    <ClInclude Include="opencv2\core\optim.hpp">
      <Filter>Headerdateien</Filter>
    </ClInclude>
    <ClInclude Include="opencv2\core\ovx.hpp">
      <Filter>Headerdateien</Filter>
    </ClInclude>
    <ClInclude Include="opencv2\core\parallel\backend\parallel_for.openmp.hpp">
      <Filter>Headerdateien</Filter>
    </ClInclude>
    <ClInclude Include="opencv2\core\parallel\backend\parallel_for.tbb.hpp">
      <Filter>Headerdateien</Filter>
    </ClInclude>
    <ClInclude Include="opencv2\core\parallel\parallel_backend.hpp">
      <Filter>Headerdateien</Filter>
    </ClInclude>
    <ClInclude Include="opencv2\core\persistence.hpp">
      <Filter>Headerdateien</Filter>
    </ClInclude>
    <ClInclude Include="opencv2\core\quaternion.hpp">
      <Filter>Headerdateien</Filter>
    </ClInclude>
    <ClInclude Include="opencv2\core\quaternion.inl.hpp">
      <Filter>Headerdateien</Filter>
    </ClInclude>
    <ClInclude Include="opencv2\core\saturate.hpp">
      <Filter>Headerdateien</Filter>
    </ClInclude>
    <ClInclude Include="opencv2\core\simd_intrinsics.hpp">
      <Filter>Headerdateien</Filter>
    </ClInclude>
    <ClInclude Include="opencv2\core\softfloat.hpp">
      <Filter>Headerdateien</Filter>
    </ClInclude>
    <ClInclude Include="opencv2\core\sse_utils.hpp">
      <Filter>Headerdateien</Filter>
    </ClInclude>
    <ClInclude Include="opencv2\core\traits.hpp">
      <Filter>Headerdateien</Filter>
    </ClInclude>
    <ClInclude Include="opencv2\core\types.hpp">
      <Filter>Headerdateien</Filter>
    </ClInclude>
    <ClInclude Include="opencv2\core\types_c.h">
      <Filter>Headerdateien</Filter>
    </ClInclude>
    <ClInclude Include="opencv2\core\utility.hpp">
      <Filter>Headerdateien</Filter>
    </ClInclude>
    <ClInclude Include="opencv2\core\utils\allocator_stats.hpp">
      <Filter>Headerdateien</Filter>
    </ClInclude>
    <ClInclude Include="opencv2\core\utils\allocator_stats.impl.hpp">
      <Filter>Headerdateien</Filter>
    </ClInclude>
    <ClInclude Include="opencv2\core\utils\filesystem.hpp">
      <Filter>Headerdateien</Filter>
    </ClInclude>
    <ClInclude Include="opencv2\core\utils\fp_control_utils.hpp">
      <Filter>Headerdateien</Filter>
    </ClInclude>
    <ClInclude Include="opencv2\core\utils\instrumentation.hpp">
      <Filter>Headerdateien</Filter>
    </ClInclude>
    <ClInclude Include="opencv2\core\utils\logger.defines.hpp">
      <Filter>Headerdateien</Filter>
    </ClInclude>
    <ClInclude Include="opencv2\core\utils\logger.hpp">
      <Filter>Headerdateien</Filter>
    </ClInclude>
    <ClInclude Include="opencv2\core\utils\logtag.hpp">
      <Filter>Headerdateien</Filter>
    </ClInclude>
    <ClInclude Include="opencv2\core\utils\tls.hpp">
      <Filter>Headerdateien</Filter>
    </ClInclude>
    <ClInclude Include="opencv2\core\utils\trace.hpp">
      <Filter>Headerdateien</Filter>
    </ClInclude>
    <ClInclude Include="opencv2\core\va_intel.hpp">
      <Filter>Headerdateien</Filter>
    </ClInclude>
    <ClInclude Include="opencv2\core\version.hpp">
      <Filter>Headerdateien</Filter>
    </ClInclude>
    <ClInclude Include="opencv2\core\vsx_utils.hpp">
      <Filter>Headerdateien</Filter>
    </ClInclude>
    <ClInclude Include="opencv2\core.hpp">
      <Filter>Headerdateien</Filter>
    </ClInclude>
    <ClInclude Include="opencv2\cvconfig.h">
      <Filter>Headerdateien</Filter>
    </ClInclude>
    <ClInclude Include="opencv2\dnn\all_layers.hpp">
      <Filter>Headerdateien</Filter>
    </ClInclude>
    <ClInclude Include="opencv2\dnn\dict.hpp">
      <Filter>Headerdateien</Filter>
    </ClInclude>
    <ClInclude Include="opencv2\dnn\dnn.hpp">
      <Filter>Headerdateien</Filter>
    </ClInclude>
    <ClInclude Include="opencv2\dnn\dnn.inl.hpp">
      <Filter>Headerdateien</Filter>
    </ClInclude>
    <ClInclude Include="opencv2\dnn\layer.details.hpp">
      <Filter>Headerdateien</Filter>
    </ClInclude>
    <ClInclude Include="opencv2\dnn\layer.hpp">
      <Filter>Headerdateien</Filter>
    </ClInclude>
    <ClInclude Include="opencv2\dnn\shape_utils.hpp">
      <Filter>Headerdateien</Filter>
    </ClInclude>
    <ClInclude Include="opencv2\dnn\utils\debug_utils.hpp">
      <Filter>Headerdateien</Filter>
    </ClInclude>
    <ClInclude Include="opencv2\dnn\utils\inference_engine.hpp">
      <Filter>Headerdateien</Filter>
    </ClInclude>
    <ClInclude Include="opencv2\dnn\version.hpp">
      <Filter>Headerdateien</Filter>
    </ClInclude>
    <ClInclude Include="opencv2\dnn.hpp">
      <Filter>Headerdateien</Filter>
    </ClInclude>
    <ClInclude Include="opencv2\features2d\features2d.hpp">
      <Filter>Headerdateien</Filter>
    </ClInclude>
    <ClInclude Include="opencv2\features2d\hal\interface.h">
      <Filter>Headerdateien</Filter>
    </ClInclude>
    <ClInclude Include="opencv2\features2d.hpp">
      <Filter>Headerdateien</Filter>
    </ClInclude>
    <ClInclude Include="opencv2\flann\allocator.h">
      <Filter>Headerdateien</Filter>
    </ClInclude>
    <ClInclude Include="opencv2\flann\all_indices.h">
      <Filter>Headerdateien</Filter>
    </ClInclude>
    <ClInclude Include="opencv2\flann\any.h">
      <Filter>Headerdateien</Filter>
    </ClInclude>
    <ClInclude Include="opencv2\flann\autotuned_index.h">
      <Filter>Headerdateien</Filter>
    </ClInclude>
    <ClInclude Include="opencv2\flann\composite_index.h">
      <Filter>Headerdateien</Filter>
    </ClInclude>
    <ClInclude Include="opencv2\flann\config.h">
      <Filter>Headerdateien</Filter>
    </ClInclude>
    <ClInclude Include="opencv2\flann\defines.h">
      <Filter>Headerdateien</Filter>
    </ClInclude>
    <ClInclude Include="opencv2\flann\dist.h">
      <Filter>Headerdateien</Filter>
    </ClInclude>
    <ClInclude Include="opencv2\flann\dummy.h">
      <Filter>Headerdateien</Filter>
    </ClInclude>
    <ClInclude Include="opencv2\flann\dynamic_bitset.h">
      <Filter>Headerdateien</Filter>
    </ClInclude>
    <ClInclude Include="opencv2\flann\flann.hpp">
      <Filter>Headerdateien</Filter>
    </ClInclude>
    <ClInclude Include="opencv2\flann\flann_base.hpp">
      <Filter>Headerdateien</Filter>
    </ClInclude>
    <ClInclude Include="opencv2\flann\general.h">
      <Filter>Headerdateien</Filter>
    </ClInclude>
    <ClInclude Include="opencv2\flann\ground_truth.h">
      <Filter>Headerdateien</Filter>
    </ClInclude>
    <ClInclude Include="opencv2\flann\hdf5.h">
      <Filter>Headerdateien</Filter>
    </ClInclude>
    <ClInclude Include="opencv2\flann\heap.h">
      <Filter>Headerdateien</Filter>
    </ClInclude>
    <ClInclude Include="opencv2\flann\hierarchical_clustering_index.h">
      <Filter>Headerdateien</Filter>
    </ClInclude>
    <ClInclude Include="opencv2\flann\index_testing.h">
      <Filter>Headerdateien</Filter>
    </ClInclude>
    <ClInclude Include="opencv2\flann\kdtree_index.h">
      <Filter>Headerdateien</Filter>
    </ClInclude>
    <ClInclude Include="opencv2\flann\kdtree_single_index.h">
      <Filter>Headerdateien</Filter>
    </ClInclude>
    <ClInclude Include="opencv2\flann\kmeans_index.h">
      <Filter>Headerdateien</Filter>
    </ClInclude>
    <ClInclude Include="opencv2\flann\linear_index.h">
      <Filter>Headerdateien</Filter>
    </ClInclude>
    <ClInclude Include="opencv2\flann\logger.h">
      <Filter>Headerdateien</Filter>
    </ClInclude>
    <ClInclude Include="opencv2\flann\lsh_index.h">
      <Filter>Headerdateien</Filter>
    </ClInclude>
    <ClInclude Include="opencv2\flann\lsh_table.h">
      <Filter>Headerdateien</Filter>
    </ClInclude>
    <ClInclude Include="opencv2\flann\matrix.h">
      <Filter>Headerdateien</Filter>
    </ClInclude>
    <ClInclude Include="opencv2\flann\miniflann.hpp">
      <Filter>Headerdateien</Filter>
    </ClInclude>
    <ClInclude Include="opencv2\flann\nn_index.h">
      <Filter>Headerdateien</Filter>
    </ClInclude>
    <ClInclude Include="opencv2\flann\object_factory.h">
      <Filter>Headerdateien</Filter>
    </ClInclude>
    <ClInclude Include="opencv2\flann\params.h">
      <Filter>Headerdateien</Filter>
    </ClInclude>
    <ClInclude Include="opencv2\flann\random.h">
      <Filter>Headerdateien</Filter>
    </ClInclude>
    <ClInclude Include="opencv2\flann\result_set.h">
      <Filter>Headerdateien</Filter>
    </ClInclude>
    <ClInclude Include="opencv2\flann\sampling.h">
      <Filter>Headerdateien</Filter>
    </ClInclude>
    <ClInclude Include="opencv2\flann\saving.h">
      <Filter>Headerdateien</Filter>
    </ClInclude>
    <ClInclude Include="opencv2\flann\simplex_downhill.h">
      <Filter>Headerdateien</Filter>
    </ClInclude>
    <ClInclude Include="opencv2\flann\timer.h">
      <Filter>Headerdateien</Filter>
    </ClInclude>
    <ClInclude Include="opencv2\flann.hpp">
      <Filter>Headerdateien</Filter>
    </ClInclude>
    <ClInclude Include="opencv2\gapi\core.hpp">
      <Filter>Headerdateien</Filter>
    </ClInclude>
    <ClInclude Include="opencv2\gapi\cpu\core.hpp">
      <Filter>Headerdateien</Filter>
    </ClInclude>
    <ClInclude Include="opencv2\gapi\cpu\gcpukernel.hpp">
      <Filter>Headerdateien</Filter>
    </ClInclude>
    <ClInclude Include="opencv2\gapi\cpu\imgproc.hpp">
      <Filter>Headerdateien</Filter>
    </ClInclude>
    <ClInclude Include="opencv2\gapi\cpu\ot.hpp">
      <Filter>Headerdateien</Filter>
    </ClInclude>
    <ClInclude Include="opencv2\gapi\cpu\stereo.hpp">
      <Filter>Headerdateien</Filter>
    </ClInclude>
    <ClInclude Include="opencv2\gapi\cpu\video.hpp">
      <Filter>Headerdateien</Filter>
    </ClInclude>
    <ClInclude Include="opencv2\gapi\fluid\core.hpp">
      <Filter>Headerdateien</Filter>
    </ClInclude>
    <ClInclude Include="opencv2\gapi\fluid\gfluidbuffer.hpp">
      <Filter>Headerdateien</Filter>
    </ClInclude>
    <ClInclude Include="opencv2\gapi\fluid\gfluidkernel.hpp">
      <Filter>Headerdateien</Filter>
    </ClInclude>
    <ClInclude Include="opencv2\gapi\fluid\imgproc.hpp">
      <Filter>Headerdateien</Filter>
    </ClInclude>
    <ClInclude Include="opencv2\gapi\garg.hpp">
      <Filter>Headerdateien</Filter>
    </ClInclude>
    <ClInclude Include="opencv2\gapi\garray.hpp">
      <Filter>Headerdateien</Filter>
    </ClInclude>
    <ClInclude Include="opencv2\gapi\gasync_context.hpp">
      <Filter>Headerdateien</Filter>
    </ClInclude>
    <ClInclude Include="opencv2\gapi\gcall.hpp">
      <Filter>Headerdateien</Filter>
    </ClInclude>
    <ClInclude Include="opencv2\gapi\gcommon.hpp">
      <Filter>Headerdateien</Filter>
    </ClInclude>
    <ClInclude Include="opencv2\gapi\gcompiled.hpp">
      <Filter>Headerdateien</Filter>
    </ClInclude>
    <ClInclude Include="opencv2\gapi\gcompiled_async.hpp">
      <Filter>Headerdateien</Filter>
    </ClInclude>
    <ClInclude Include="opencv2\gapi\gcompoundkernel.hpp">
      <Filter>Headerdateien</Filter>
    </ClInclude>
    <ClInclude Include="opencv2\gapi\gcomputation.hpp">
      <Filter>Headerdateien</Filter>
    </ClInclude>
    <ClInclude Include="opencv2\gapi\gcomputation_async.hpp">
      <Filter>Headerdateien</Filter>
    </ClInclude>
    <ClInclude Include="opencv2\gapi\gframe.hpp">
      <Filter>Headerdateien</Filter>
    </ClInclude>
    <ClInclude Include="opencv2\gapi\gkernel.hpp">
      <Filter>Headerdateien</Filter>
    </ClInclude>
    <ClInclude Include="opencv2\gapi\gmat.hpp">
      <Filter>Headerdateien</Filter>
    </ClInclude>
    <ClInclude Include="opencv2\gapi\gmetaarg.hpp">
      <Filter>Headerdateien</Filter>
    </ClInclude>
    <ClInclude Include="opencv2\gapi\gopaque.hpp">
      <Filter>Headerdateien</Filter>
    </ClInclude>
    <ClInclude Include="opencv2\gapi\gproto.hpp">
      <Filter>Headerdateien</Filter>
    </ClInclude>
    <ClInclude Include="opencv2\gapi\gpu\core.hpp">
      <Filter>Headerdateien</Filter>
    </ClInclude>
    <ClInclude Include="opencv2\gapi\gpu\ggpukernel.hpp">
      <Filter>Headerdateien</Filter>
    </ClInclude>
    <ClInclude Include="opencv2\gapi\gpu\imgproc.hpp">
      <Filter>Headerdateien</Filter>
    </ClInclude>
    <ClInclude Include="opencv2\gapi\gscalar.hpp">
      <Filter>Headerdateien</Filter>
    </ClInclude>
    <ClInclude Include="opencv2\gapi\gstreaming.hpp">
      <Filter>Headerdateien</Filter>
    </ClInclude>
    <ClInclude Include="opencv2\gapi\gtransform.hpp">
      <Filter>Headerdateien</Filter>
    </ClInclude>
    <ClInclude Include="opencv2\gapi\gtyped.hpp">
      <Filter>Headerdateien</Filter>
    </ClInclude>
    <ClInclude Include="opencv2\gapi\gtype_traits.hpp">
      <Filter>Headerdateien</Filter>
    </ClInclude>
    <ClInclude Include="opencv2\gapi\imgproc.hpp">
      <Filter>Headerdateien</Filter>
    </ClInclude>
    <ClInclude Include="opencv2\gapi\infer\bindings_ie.hpp">
      <Filter>Headerdateien</Filter>
    </ClInclude>
    <ClInclude Include="opencv2\gapi\infer\bindings_onnx.hpp">
      <Filter>Headerdateien</Filter>
    </ClInclude>
    <ClInclude Include="opencv2\gapi\infer\bindings_ov.hpp">
      <Filter>Headerdateien</Filter>
    </ClInclude>
    <ClInclude Include="opencv2\gapi\infer\ie.hpp">
      <Filter>Headerdateien</Filter>
    </ClInclude>
    <ClInclude Include="opencv2\gapi\infer\onnx.hpp">
      <Filter>Headerdateien</Filter>
    </ClInclude>
    <ClInclude Include="opencv2\gapi\infer\ov.hpp">
      <Filter>Headerdateien</Filter>
    </ClInclude>
    <ClInclude Include="opencv2\gapi\infer\parsers.hpp">
      <Filter>Headerdateien</Filter>
    </ClInclude>
    <ClInclude Include="opencv2\gapi\infer.hpp">
      <Filter>Headerdateien</Filter>
    </ClInclude>
    <ClInclude Include="opencv2\gapi\media.hpp">
      <Filter>Headerdateien</Filter>
    </ClInclude>
    <ClInclude Include="opencv2\gapi\oak\infer.hpp">
      <Filter>Headerdateien</Filter>
    </ClInclude>
    <ClInclude Include="opencv2\gapi\oak\oak.hpp">
      <Filter>Headerdateien</Filter>
    </ClInclude>
    <ClInclude Include="opencv2\gapi\ocl\core.hpp">
      <Filter>Headerdateien</Filter>
    </ClInclude>
    <ClInclude Include="opencv2\gapi\ocl\goclkernel.hpp">
      <Filter>Headerdateien</Filter>
    </ClInclude>
    <ClInclude Include="opencv2\gapi\ocl\imgproc.hpp">
      <Filter>Headerdateien</Filter>
    </ClInclude>
    <ClInclude Include="opencv2\gapi\opencv_includes.hpp">
      <Filter>Headerdateien</Filter>
    </ClInclude>
    <ClInclude Include="opencv2\gapi\operators.hpp">
      <Filter>Headerdateien</Filter>
    </ClInclude>
    <ClInclude Include="opencv2\gapi\ot.hpp">
      <Filter>Headerdateien</Filter>
    </ClInclude>
    <ClInclude Include="opencv2\gapi\own\assert.hpp">
      <Filter>Headerdateien</Filter>
    </ClInclude>
    <ClInclude Include="opencv2\gapi\own\convert.hpp">
      <Filter>Headerdateien</Filter>
    </ClInclude>
    <ClInclude Include="opencv2\gapi\own\cvdefs.hpp">
      <Filter>Headerdateien</Filter>
    </ClInclude>
    <ClInclude Include="opencv2\gapi\own\exports.hpp">
      <Filter>Headerdateien</Filter>
    </ClInclude>
    <ClInclude Include="opencv2\gapi\own\mat.hpp">
      <Filter>Headerdateien</Filter>
    </ClInclude>
    <ClInclude Include="opencv2\gapi\own\saturate.hpp">
      <Filter>Headerdateien</Filter>
    </ClInclude>
    <ClInclude Include="opencv2\gapi\own\scalar.hpp">
      <Filter>Headerdateien</Filter>
    </ClInclude>
    <ClInclude Include="opencv2\gapi\own\types.hpp">
      <Filter>Headerdateien</Filter>
    </ClInclude>
    <ClInclude Include="opencv2\gapi\plaidml\core.hpp">
      <Filter>Headerdateien</Filter>
    </ClInclude>
    <ClInclude Include="opencv2\gapi\plaidml\gplaidmlkernel.hpp">
      <Filter>Headerdateien</Filter>
    </ClInclude>
    <ClInclude Include="opencv2\gapi\plaidml\plaidml.hpp">
      <Filter>Headerdateien</Filter>
    </ClInclude>
    <ClInclude Include="opencv2\gapi\python\python.hpp">
      <Filter>Headerdateien</Filter>
    </ClInclude>
    <ClInclude Include="opencv2\gapi\render\render.hpp">
      <Filter>Headerdateien</Filter>
    </ClInclude>
    <ClInclude Include="opencv2\gapi\render\render_types.hpp">
      <Filter>Headerdateien</Filter>
    </ClInclude>
    <ClInclude Include="opencv2\gapi\render.hpp">
      <Filter>Headerdateien</Filter>
    </ClInclude>
    <ClInclude Include="opencv2\gapi\rmat.hpp">
      <Filter>Headerdateien</Filter>
    </ClInclude>
    <ClInclude Include="opencv2\gapi\s11n\base.hpp">
      <Filter>Headerdateien</Filter>
    </ClInclude>
    <ClInclude Include="opencv2\gapi\s11n.hpp">
      <Filter>Headerdateien</Filter>
    </ClInclude>
    <ClInclude Include="opencv2\gapi\stereo.hpp">
      <Filter>Headerdateien</Filter>
    </ClInclude>
    <ClInclude Include="opencv2\gapi\streaming\cap.hpp">
      <Filter>Headerdateien</Filter>
    </ClInclude>
    <ClInclude Include="opencv2\gapi\streaming\desync.hpp">
      <Filter>Headerdateien</Filter>
    </ClInclude>
    <ClInclude Include="opencv2\gapi\streaming\format.hpp">
      <Filter>Headerdateien</Filter>
    </ClInclude>
    <ClInclude Include="opencv2\gapi\streaming\gstreamer\gstreamerpipeline.hpp">
      <Filter>Headerdateien</Filter>
    </ClInclude>
    <ClInclude Include="opencv2\gapi\streaming\gstreamer\gstreamersource.hpp">
      <Filter>Headerdateien</Filter>
    </ClInclude>
    <ClInclude Include="opencv2\gapi\streaming\meta.hpp">
      <Filter>Headerdateien</Filter>
    </ClInclude>
    <ClInclude Include="opencv2\gapi\streaming\onevpl\accel_types.hpp">
      <Filter>Headerdateien</Filter>
    </ClInclude>
    <ClInclude Include="opencv2\gapi\streaming\onevpl\cfg_params.hpp">
      <Filter>Headerdateien</Filter>
    </ClInclude>
    <ClInclude Include="opencv2\gapi\streaming\onevpl\data_provider_interface.hpp">
      <Filter>Headerdateien</Filter>
    </ClInclude>
    <ClInclude Include="opencv2\gapi\streaming\onevpl\default.hpp">
      <Filter>Headerdateien</Filter>
    </ClInclude>
    <ClInclude Include="opencv2\gapi\streaming\onevpl\device_selector_interface.hpp">
      <Filter>Headerdateien</Filter>
    </ClInclude>
    <ClInclude Include="opencv2\gapi\streaming\onevpl\source.hpp">
      <Filter>Headerdateien</Filter>
    </ClInclude>
    <ClInclude Include="opencv2\gapi\streaming\queue_source.hpp">
      <Filter>Headerdateien</Filter>
    </ClInclude>
    <ClInclude Include="opencv2\gapi\streaming\source.hpp">
      <Filter>Headerdateien</Filter>
    </ClInclude>
    <ClInclude Include="opencv2\gapi\streaming\sync.hpp">
      <Filter>Headerdateien</Filter>
    </ClInclude>
    <ClInclude Include="opencv2\gapi\util\any.hpp">
      <Filter>Headerdateien</Filter>
    </ClInclude>
    <ClInclude Include="opencv2\gapi\util\compiler_hints.hpp">
      <Filter>Headerdateien</Filter>
    </ClInclude>
    <ClInclude Include="opencv2\gapi\util\copy_through_move.hpp">
      <Filter>Headerdateien</Filter>
    </ClInclude>
    <ClInclude Include="opencv2\gapi\util\optional.hpp">
      <Filter>Headerdateien</Filter>
    </ClInclude>
    <ClInclude Include="opencv2\gapi\util\throw.hpp">
      <Filter>Headerdateien</Filter>
    </ClInclude>
    <ClInclude Include="opencv2\gapi\util\type_traits.hpp">
      <Filter>Headerdateien</Filter>
    </ClInclude>
    <ClInclude Include="opencv2\gapi\util\util.hpp">
      <Filter>Headerdateien</Filter>
    </ClInclude>
    <ClInclude Include="opencv2\gapi\util\variant.hpp">
      <Filter>Headerdateien</Filter>
    </ClInclude>
    <ClInclude Include="opencv2\gapi\video.hpp">
      <Filter>Headerdateien</Filter>
    </ClInclude>
    <ClInclude Include="opencv2\gapi.hpp">
      <Filter>Headerdateien</Filter>
    </ClInclude>
    <ClInclude Include="opencv2\highgui\highgui.hpp">
      <Filter>Headerdateien</Filter>
    </ClInclude>
    <ClInclude Include="opencv2\highgui\highgui_c.h">
      <Filter>Headerdateien</Filter>
    </ClInclude>
    <ClInclude Include="opencv2\highgui.hpp">
      <Filter>Headerdateien</Filter>
    </ClInclude>
    <ClInclude Include="opencv2\imgcodecs\imgcodecs.hpp">
      <Filter>Headerdateien</Filter>
    </ClInclude>
    <ClInclude Include="opencv2\imgcodecs\imgcodecs_c.h">
      <Filter>Headerdateien</Filter>
    </ClInclude>
    <ClInclude Include="opencv2\imgcodecs\ios.h">
      <Filter>Headerdateien</Filter>
    </ClInclude>
    <ClInclude Include="opencv2\imgcodecs\legacy\constants_c.h">
      <Filter>Headerdateien</Filter>
    </ClInclude>
    <ClInclude Include="opencv2\imgcodecs\macosx.h">
      <Filter>Headerdateien</Filter>
    </ClInclude>
    <ClInclude Include="opencv2\imgcodecs.hpp">
      <Filter>Headerdateien</Filter>
    </ClInclude>
    <ClInclude Include="opencv2\imgproc\bindings.hpp">
      <Filter>Headerdateien</Filter>
    </ClInclude>
    <ClInclude Include="opencv2\imgproc\detail\gcgraph.hpp">
      <Filter>Headerdateien</Filter>
    </ClInclude>
    <ClInclude Include="opencv2\imgproc\detail\legacy.hpp">
      <Filter>Headerdateien</Filter>
    </ClInclude>
    <ClInclude Include="opencv2\imgproc\hal\hal.hpp">
      <Filter>Headerdateien</Filter>
    </ClInclude>
    <ClInclude Include="opencv2\imgproc\hal\interface.h">
      <Filter>Headerdateien</Filter>
    </ClInclude>
    <ClInclude Include="opencv2\imgproc\imgproc.hpp">
      <Filter>Headerdateien</Filter>
    </ClInclude>
    <ClInclude Include="opencv2\imgproc\imgproc_c.h">
      <Filter>Headerdateien</Filter>
    </ClInclude>
    <ClInclude Include="opencv2\imgproc\segmentation.hpp">
      <Filter>Headerdateien</Filter>
    </ClInclude>
    <ClInclude Include="opencv2\imgproc\types_c.h">
      <Filter>Headerdateien</Filter>
    </ClInclude>
    <ClInclude Include="opencv2\imgproc.hpp">
      <Filter>Headerdateien</Filter>
    </ClInclude>
    <ClInclude Include="opencv2\ml\ml.hpp">
      <Filter>Headerdateien</Filter>
    </ClInclude>
    <ClInclude Include="opencv2\ml\ml.inl.hpp">
      <Filter>Headerdateien</Filter>
    </ClInclude>
    <ClInclude Include="opencv2\ml.hpp">
      <Filter>Headerdateien</Filter>
    </ClInclude>
    <ClInclude Include="opencv2\objdetect\aruco_board.hpp">
      <Filter>Headerdateien</Filter>
    </ClInclude>
    <ClInclude Include="opencv2\objdetect\aruco_detector.hpp">
      <Filter>Headerdateien</Filter>
    </ClInclude>
    <ClInclude Include="opencv2\objdetect\aruco_dictionary.hpp">
      <Filter>Headerdateien</Filter>
    </ClInclude>
    <ClInclude Include="opencv2\objdetect\barcode.hpp">
      <Filter>Headerdateien</Filter>
    </ClInclude>
    <ClInclude Include="opencv2\objdetect\charuco_detector.hpp">
      <Filter>Headerdateien</Filter>
    </ClInclude>
    <ClInclude Include="opencv2\objdetect\detection_based_tracker.hpp">
      <Filter>Headerdateien</Filter>
    </ClInclude>
    <ClInclude Include="opencv2\objdetect\face.hpp">
      <Filter>Headerdateien</Filter>
    </ClInclude>
    <ClInclude Include="opencv2\objdetect\graphical_code_detector.hpp">
      <Filter>Headerdateien</Filter>
    </ClInclude>
    <ClInclude Include="opencv2\objdetect\objdetect.hpp">
      <Filter>Headerdateien</Filter>
    </ClInclude>
    <ClInclude Include="opencv2\objdetect.hpp">
      <Filter>Headerdateien</Filter>
    </ClInclude>
    <ClInclude Include="opencv2\opencv.hpp">
      <Filter>Headerdateien</Filter>
    </ClInclude>
    <ClInclude Include="opencv2\opencv_modules.hpp">
      <Filter>Headerdateien</Filter>
    </ClInclude>
    <ClInclude Include="opencv2\photo\cuda.hpp">
      <Filter>Headerdateien</Filter>
    </ClInclude>
    <ClInclude Include="opencv2\photo\legacy\constants_c.h">
      <Filter>Headerdateien</Filter>
    </ClInclude>
    <ClInclude Include="opencv2\photo\photo.hpp">
      <Filter>Headerdateien</Filter>
    </ClInclude>
    <ClInclude Include="opencv2\photo.hpp">
      <Filter>Headerdateien</Filter>
    </ClInclude>
    <ClInclude Include="opencv2\stitching\detail\autocalib.hpp">
      <Filter>Headerdateien</Filter>
    </ClInclude>
    <ClInclude Include="opencv2\stitching\detail\blenders.hpp">
      <Filter>Headerdateien</Filter>
    </ClInclude>
    <ClInclude Include="opencv2\stitching\detail\camera.hpp">
      <Filter>Headerdateien</Filter>
    </ClInclude>
    <ClInclude Include="opencv2\stitching\detail\exposure_compensate.hpp">
      <Filter>Headerdateien</Filter>
    </ClInclude>
    <ClInclude Include="opencv2\stitching\detail\matchers.hpp">
      <Filter>Headerdateien</Filter>
    </ClInclude>
    <ClInclude Include="opencv2\stitching\detail\motion_estimators.hpp">
      <Filter>Headerdateien</Filter>
    </ClInclude>
    <ClInclude Include="opencv2\stitching\detail\seam_finders.hpp">
      <Filter>Headerdateien</Filter>
    </ClInclude>
    <ClInclude Include="opencv2\stitching\detail\timelapsers.hpp">
      <Filter>Headerdateien</Filter>
    </ClInclude>
    <ClInclude Include="opencv2\stitching\detail\util.hpp">
      <Filter>Headerdateien</Filter>
    </ClInclude>
    <ClInclude Include="opencv2\stitching\detail\util_inl.hpp">
      <Filter>Headerdateien</Filter>
    </ClInclude>
    <ClInclude Include="opencv2\stitching\detail\warpers.hpp">
      <Filter>Headerdateien</Filter>
    </ClInclude>
    <ClInclude Include="opencv2\stitching\detail\warpers_inl.hpp">
      <Filter>Headerdateien</Filter>
    </ClInclude>
    <ClInclude Include="opencv2\stitching\warpers.hpp">
      <Filter>Headerdateien</Filter>
    </ClInclude>
    <ClInclude Include="opencv2\stitching.hpp">
      <Filter>Headerdateien</Filter>
    </ClInclude>
    <ClInclude Include="opencv2\video\background_segm.hpp">
      <Filter>Headerdateien</Filter>
    </ClInclude>
    <ClInclude Include="opencv2\video\detail\tracking.detail.hpp">
      <Filter>Headerdateien</Filter>
    </ClInclude>
    <ClInclude Include="opencv2\video\legacy\constants_c.h">
      <Filter>Headerdateien</Filter>
    </ClInclude>
    <ClInclude Include="opencv2\video\tracking.hpp">
      <Filter>Headerdateien</Filter>
    </ClInclude>
    <ClInclude Include="opencv2\video\video.hpp">
      <Filter>Headerdateien</Filter>
    </ClInclude>
    <ClInclude Include="opencv2\video.hpp">
      <Filter>Headerdateien</Filter>
    </ClInclude>
    <ClInclude Include="opencv2\videoio\cap_ios.h">
      <Filter>Headerdateien</Filter>
    </ClInclude>
    <ClInclude Include="opencv2\videoio\legacy\constants_c.h">
      <Filter>Headerdateien</Filter>
    </ClInclude>
    <ClInclude Include="opencv2\videoio\registry.hpp">
      <Filter>Headerdateien</Filter>
    </ClInclude>
    <ClInclude Include="opencv2\videoio\videoio.hpp">
      <Filter>Headerdateien</Filter>
    </ClInclude>
    <ClInclude Include="opencv2\videoio\videoio_c.h">
      <Filter>Headerdateien</Filter>
    </ClInclude>
    <ClInclude Include="opencv2\videoio.hpp">
      <Filter>Headerdateien</Filter>
    </ClInclude>
    <ClInclude Include="opencv2\world.hpp">
      <Filter>Headerdateien</Filter>
    </ClInclude>
  </ItemGroup>
</Project>